
Microsoft Visual Studio Solution File, Format Version 12.00
# Visual Studio Version 17
VisualStudioVersion = 17.11.35327.3
MinimumVisualStudioVersion = 10.0.40219.1
Project("{FAE04EC0-301F-11D3-BF4B-00C04F79EFBC}") = "catchblocks", "catchblocks\catchblocks.csproj", "{378D0C83-A033-4244-A495-A58B4610D275}"
EndProject
Global
	GlobalSection(SolutionConfigurationPlatforms) = preSolution
		Debug|Any CPU = Debug|Any CPU
		Release|Any CPU = Release|Any CPU
	EndGlobalSection
	GlobalSection(ProjectConfigurationPlatforms) = postSolution
		{378D0C83-A033-4244-A495-A58B4610D275}.Debug|Any CPU.ActiveCfg = Debug|Any CPU
		{378D0C83-A033-4244-A495-A58B4610D275}.Debug|Any CPU.Build.0 = Debug|Any CPU
		{378D0C83-A033-4244-A495-A58B4610D275}.Release|Any CPU.ActiveCfg = Release|Any CPU
		{378D0C83-A033-4244-A495-A58B4610D275}.Release|Any CPU.Build.0 = Release|Any CPU
	EndGlobalSection
	GlobalSection(SolutionProperties) = preSolution
		HideSolutionNode = FALSE
	EndGlobalSection
	GlobalSection(ExtensibilityGlobals) = postSolution
		SolutionGuid = {CA73C531-8A7B-4ED2-B8F5-9CEFA5DA93CA}
	EndGlobalSection
EndGlobal
